// !$*UTF8*$!
{
	archiveVersion = 1;
	classes = {
	};
	objectVersion = 56;
	objects = {

/* Begin PBXBuildFile section */
		7EC430842B4BFAB70011934F /* AppDelegate.swift in Sources */ = {isa = PBXBuildFile; fileRef = 7EC430832B4BFAB70011934F /* AppDelegate.swift */; };
		7EC430862B4BFAB70011934F /* SceneDelegate.swift in Sources */ = {isa = PBXBuildFile; fileRef = 7EC430852B4BFAB70011934F /* SceneDelegate.swift */; };
		7EC430882B4BFAB70011934F /* HomeViewController.swift in Sources */ = {isa = PBXBuildFile; fileRef = 7EC430872B4BFAB70011934F /* HomeViewController.swift */; };
		7EC4308B2B4BFAB70011934F /* Home.storyboard in Resources */ = {isa = PBXBuildFile; fileRef = 7EC430892B4BFAB70011934F /* Home.storyboard */; };
		7EC4308E2B4BFAB70011934F /* NetflixCloneCoding.xcdatamodeld in Sources */ = {isa = PBXBuildFile; fileRef = 7EC4308C2B4BFAB70011934F /* NetflixCloneCoding.xcdatamodeld */; };
		7EC430902B4BFAB80011934F /* Assets.xcassets in Resources */ = {isa = PBXBuildFile; fileRef = 7EC4308F2B4BFAB80011934F /* Assets.xcassets */; };
		7EC430932B4BFAB80011934F /* LaunchScreen.storyboard in Resources */ = {isa = PBXBuildFile; fileRef = 7EC430912B4BFAB80011934F /* LaunchScreen.storyboard */; };
		7EC4309E2B4BFAB90011934F /* NetflixCloneCodingTests.swift in Sources */ = {isa = PBXBuildFile; fileRef = 7EC4309D2B4BFAB90011934F /* NetflixCloneCodingTests.swift */; };
		7EC430A82B4BFAB90011934F /* NetflixCloneCodingUITests.swift in Sources */ = {isa = PBXBuildFile; fileRef = 7EC430A72B4BFAB90011934F /* NetflixCloneCodingUITests.swift */; };
		7EC430AA2B4BFAB90011934F /* NetflixCloneCodingUITestsLaunchTests.swift in Sources */ = {isa = PBXBuildFile; fileRef = 7EC430A92B4BFAB90011934F /* NetflixCloneCodingUITestsLaunchTests.swift */; };
		7EC430B72B4C1B4B0011934F /* MainTabBarViewController.swift in Sources */ = {isa = PBXBuildFile; fileRef = 7EC430B62B4C1B4B0011934F /* MainTabBarViewController.swift */; };
		7EC430B92B4C1B6F0011934F /* BaseTabBar.storyboard in Resources */ = {isa = PBXBuildFile; fileRef = 7EC430B82B4C1B6F0011934F /* BaseTabBar.storyboard */; };
		7EC430BE2B4EAB120011934F /* NewHotViewController.swift in Sources */ = {isa = PBXBuildFile; fileRef = 7EC430BD2B4EAB120011934F /* NewHotViewController.swift */; };
		7EC430C02B4EAB270011934F /* NewHot.storyboard in Resources */ = {isa = PBXBuildFile; fileRef = 7EC430BF2B4EAB270011934F /* NewHot.storyboard */; };
/* End PBXBuildFile section */

/* Begin PBXContainerItemProxy section */
		7EC4309A2B4BFAB80011934F /* PBXContainerItemProxy */ = {
			isa = PBXContainerItemProxy;
			containerPortal = 7EC430782B4BFAB70011934F /* Project object */;
			proxyType = 1;
			remoteGlobalIDString = 7EC4307F2B4BFAB70011934F;
			remoteInfo = NetflixCloneCoding;
		};
		7EC430A42B4BFAB90011934F /* PBXContainerItemProxy */ = {
			isa = PBXContainerItemProxy;
			containerPortal = 7EC430782B4BFAB70011934F /* Project object */;
			proxyType = 1;
			remoteGlobalIDString = 7EC4307F2B4BFAB70011934F;
			remoteInfo = NetflixCloneCoding;
		};
/* End PBXContainerItemProxy section */

/* Begin PBXFileReference section */
		7EC430802B4BFAB70011934F /* NetflixCloneCoding.app */ = {isa = PBXFileReference; explicitFileType = wrapper.application; includeInIndex = 0; path = NetflixCloneCoding.app; sourceTree = BUILT_PRODUCTS_DIR; };
		7EC430832B4BFAB70011934F /* AppDelegate.swift */ = {isa = PBXFileReference; lastKnownFileType = sourcecode.swift; path = AppDelegate.swift; sourceTree = "<group>"; };
		7EC430852B4BFAB70011934F /* SceneDelegate.swift */ = {isa = PBXFileReference; lastKnownFileType = sourcecode.swift; path = SceneDelegate.swift; sourceTree = "<group>"; };
		7EC430872B4BFAB70011934F /* HomeViewController.swift */ = {isa = PBXFileReference; lastKnownFileType = sourcecode.swift; path = HomeViewController.swift; sourceTree = "<group>"; };
		7EC4308A2B4BFAB70011934F /* Base */ = {isa = PBXFileReference; lastKnownFileType = file.storyboard; name = Base; path = Base.lproj/Home.storyboard; sourceTree = "<group>"; };
		7EC4308D2B4BFAB70011934F /* NetflixCloneCoding.xcdatamodel */ = {isa = PBXFileReference; lastKnownFileType = wrapper.xcdatamodel; path = NetflixCloneCoding.xcdatamodel; sourceTree = "<group>"; };
		7EC4308F2B4BFAB80011934F /* Assets.xcassets */ = {isa = PBXFileReference; lastKnownFileType = folder.assetcatalog; path = Assets.xcassets; sourceTree = "<group>"; };
		7EC430922B4BFAB80011934F /* Base */ = {isa = PBXFileReference; lastKnownFileType = file.storyboard; name = Base; path = Base.lproj/LaunchScreen.storyboard; sourceTree = "<group>"; };
		7EC430942B4BFAB80011934F /* Info.plist */ = {isa = PBXFileReference; lastKnownFileType = text.plist.xml; path = Info.plist; sourceTree = "<group>"; };
		7EC430992B4BFAB80011934F /* NetflixCloneCodingTests.xctest */ = {isa = PBXFileReference; explicitFileType = wrapper.cfbundle; includeInIndex = 0; path = NetflixCloneCodingTests.xctest; sourceTree = BUILT_PRODUCTS_DIR; };
		7EC4309D2B4BFAB90011934F /* NetflixCloneCodingTests.swift */ = {isa = PBXFileReference; lastKnownFileType = sourcecode.swift; path = NetflixCloneCodingTests.swift; sourceTree = "<group>"; };
		7EC430A32B4BFAB90011934F /* NetflixCloneCodingUITests.xctest */ = {isa = PBXFileReference; explicitFileType = wrapper.cfbundle; includeInIndex = 0; path = NetflixCloneCodingUITests.xctest; sourceTree = BUILT_PRODUCTS_DIR; };
		7EC430A72B4BFAB90011934F /* NetflixCloneCodingUITests.swift */ = {isa = PBXFileReference; lastKnownFileType = sourcecode.swift; path = NetflixCloneCodingUITests.swift; sourceTree = "<group>"; };
		7EC430A92B4BFAB90011934F /* NetflixCloneCodingUITestsLaunchTests.swift */ = {isa = PBXFileReference; lastKnownFileType = sourcecode.swift; path = NetflixCloneCodingUITestsLaunchTests.swift; sourceTree = "<group>"; };
		7EC430B62B4C1B4B0011934F /* MainTabBarViewController.swift */ = {isa = PBXFileReference; lastKnownFileType = sourcecode.swift; path = MainTabBarViewController.swift; sourceTree = "<group>"; };
		7EC430B82B4C1B6F0011934F /* BaseTabBar.storyboard */ = {isa = PBXFileReference; lastKnownFileType = file.storyboard; path = BaseTabBar.storyboard; sourceTree = "<group>"; };
		7EC430BD2B4EAB120011934F /* NewHotViewController.swift */ = {isa = PBXFileReference; lastKnownFileType = sourcecode.swift; path = NewHotViewController.swift; sourceTree = "<group>"; };
		7EC430BF2B4EAB270011934F /* NewHot.storyboard */ = {isa = PBXFileReference; lastKnownFileType = file.storyboard; path = NewHot.storyboard; sourceTree = "<group>"; };
/* End PBXFileReference section */

/* Begin PBXFrameworksBuildPhase section */
		7EC4307D2B4BFAB70011934F /* Frameworks */ = {
			isa = PBXFrameworksBuildPhase;
			buildActionMask = 2147483647;
			files = (
			);
			runOnlyForDeploymentPostprocessing = 0;
		};
		7EC430962B4BFAB80011934F /* Frameworks */ = {
			isa = PBXFrameworksBuildPhase;
			buildActionMask = 2147483647;
			files = (
			);
			runOnlyForDeploymentPostprocessing = 0;
		};
		7EC430A02B4BFAB90011934F /* Frameworks */ = {
			isa = PBXFrameworksBuildPhase;
			buildActionMask = 2147483647;
			files = (
			);
			runOnlyForDeploymentPostprocessing = 0;
		};
/* End PBXFrameworksBuildPhase section */

/* Begin PBXGroup section */
		7EC430772B4BFAB70011934F = {
			isa = PBXGroup;
			children = (
				7EC430822B4BFAB70011934F /* NetflixCloneCoding */,
				7EC4309C2B4BFAB90011934F /* NetflixCloneCodingTests */,
				7EC430A62B4BFAB90011934F /* NetflixCloneCodingUITests */,
				7EC430812B4BFAB70011934F /* Products */,
			);
			sourceTree = "<group>";
		};
		7EC430812B4BFAB70011934F /* Products */ = {
			isa = PBXGroup;
			children = (
				7EC430802B4BFAB70011934F /* NetflixCloneCoding.app */,
				7EC430992B4BFAB80011934F /* NetflixCloneCodingTests.xctest */,
				7EC430A32B4BFAB90011934F /* NetflixCloneCodingUITests.xctest */,
			);
			name = Products;
			sourceTree = "<group>";
		};
		7EC430822B4BFAB70011934F /* NetflixCloneCoding */ = {
			isa = PBXGroup;
			children = (
				7EC430BC2B4E9FEC0011934F /* New Hot VC */,
				7EC430BB2B4E9FE30011934F /* Home VC */,
				7EC430832B4BFAB70011934F /* AppDelegate.swift */,
				7EC430852B4BFAB70011934F /* SceneDelegate.swift */,
				7EC4308F2B4BFAB80011934F /* Assets.xcassets */,
				7EC430912B4BFAB80011934F /* LaunchScreen.storyboard */,
				7EC430942B4BFAB80011934F /* Info.plist */,
				7EC4308C2B4BFAB70011934F /* NetflixCloneCoding.xcdatamodeld */,
				7EC430BA2B4C1B7B0011934F /* TabBar */,
			);
			path = NetflixCloneCoding;
			sourceTree = "<group>";
		};
		7EC4309C2B4BFAB90011934F /* NetflixCloneCodingTests */ = {
			isa = PBXGroup;
			children = (
				7EC4309D2B4BFAB90011934F /* NetflixCloneCodingTests.swift */,
			);
			path = NetflixCloneCodingTests;
			sourceTree = "<group>";
		};
		7EC430A62B4BFAB90011934F /* NetflixCloneCodingUITests */ = {
			isa = PBXGroup;
			children = (
				7EC430A72B4BFAB90011934F /* NetflixCloneCodingUITests.swift */,
				7EC430A92B4BFAB90011934F /* NetflixCloneCodingUITestsLaunchTests.swift */,
			);
			path = NetflixCloneCodingUITests;
			sourceTree = "<group>";
		};
		7EC430BA2B4C1B7B0011934F /* TabBar */ = {
			isa = PBXGroup;
			children = (
				7EC430B62B4C1B4B0011934F /* MainTabBarViewController.swift */,
				7EC430B82B4C1B6F0011934F /* BaseTabBar.storyboard */,
			);
			path = TabBar;
			sourceTree = "<group>";
		};
		7EC430BB2B4E9FE30011934F /* Home VC */ = {
			isa = PBXGroup;
			children = (
				7EC430892B4BFAB70011934F /* Home.storyboard */,
				7EC430872B4BFAB70011934F /* HomeViewController.swift */,
			);
			path = "Home VC";
			sourceTree = "<group>";
		};
		7EC430BC2B4E9FEC0011934F /* New Hot VC */ = {
			isa = PBXGroup;
			children = (
				7EC430BD2B4EAB120011934F /* NewHotViewController.swift */,
				7EC430BF2B4EAB270011934F /* NewHot.storyboard */,
			);
			path = "New Hot VC";
			sourceTree = "<group>";
		};
/* End PBXGroup section */

/* Begin PBXNativeTarget section */
		7EC4307F2B4BFAB70011934F /* NetflixCloneCoding */ = {
			isa = PBXNativeTarget;
			buildConfigurationList = 7EC430AD2B4BFAB90011934F /* Build configuration list for PBXNativeTarget "NetflixCloneCoding" */;
			buildPhases = (
				7EC4307C2B4BFAB70011934F /* Sources */,
				7EC4307D2B4BFAB70011934F /* Frameworks */,
				7EC4307E2B4BFAB70011934F /* Resources */,
			);
			buildRules = (
			);
			dependencies = (
			);
			name = NetflixCloneCoding;
			productName = NetflixCloneCoding;
			productReference = 7EC430802B4BFAB70011934F /* NetflixCloneCoding.app */;
			productType = "com.apple.product-type.application";
		};
		7EC430982B4BFAB80011934F /* NetflixCloneCodingTests */ = {
			isa = PBXNativeTarget;
			buildConfigurationList = 7EC430B02B4BFAB90011934F /* Build configuration list for PBXNativeTarget "NetflixCloneCodingTests" */;
			buildPhases = (
				7EC430952B4BFAB80011934F /* Sources */,
				7EC430962B4BFAB80011934F /* Frameworks */,
				7EC430972B4BFAB80011934F /* Resources */,
			);
			buildRules = (
			);
			dependencies = (
				7EC4309B2B4BFAB80011934F /* PBXTargetDependency */,
			);
			name = NetflixCloneCodingTests;
			productName = NetflixCloneCodingTests;
			productReference = 7EC430992B4BFAB80011934F /* NetflixCloneCodingTests.xctest */;
			productType = "com.apple.product-type.bundle.unit-test";
		};
		7EC430A22B4BFAB90011934F /* NetflixCloneCodingUITests */ = {
			isa = PBXNativeTarget;
			buildConfigurationList = 7EC430B32B4BFAB90011934F /* Build configuration list for PBXNativeTarget "NetflixCloneCodingUITests" */;
			buildPhases = (
				7EC4309F2B4BFAB90011934F /* Sources */,
				7EC430A02B4BFAB90011934F /* Frameworks */,
				7EC430A12B4BFAB90011934F /* Resources */,
			);
			buildRules = (
			);
			dependencies = (
				7EC430A52B4BFAB90011934F /* PBXTargetDependency */,
			);
			name = NetflixCloneCodingUITests;
			productName = NetflixCloneCodingUITests;
			productReference = 7EC430A32B4BFAB90011934F /* NetflixCloneCodingUITests.xctest */;
			productType = "com.apple.product-type.bundle.ui-testing";
		};
/* End PBXNativeTarget section */

/* Begin PBXProject section */
		7EC430782B4BFAB70011934F /* Project object */ = {
			isa = PBXProject;
			attributes = {
				BuildIndependentTargetsInParallel = 1;
				LastSwiftUpdateCheck = 1500;
				LastUpgradeCheck = 1500;
				TargetAttributes = {
					7EC4307F2B4BFAB70011934F = {
						CreatedOnToolsVersion = 15.0;
					};
					7EC430982B4BFAB80011934F = {
						CreatedOnToolsVersion = 15.0;
						TestTargetID = 7EC4307F2B4BFAB70011934F;
					};
					7EC430A22B4BFAB90011934F = {
						CreatedOnToolsVersion = 15.0;
						TestTargetID = 7EC4307F2B4BFAB70011934F;
					};
				};
			};
			buildConfigurationList = 7EC4307B2B4BFAB70011934F /* Build configuration list for PBXProject "NetflixCloneCoding" */;
			compatibilityVersion = "Xcode 14.0";
			developmentRegion = en;
			hasScannedForEncodings = 0;
			knownRegions = (
				en,
				Base,
			);
			mainGroup = 7EC430772B4BFAB70011934F;
			productRefGroup = 7EC430812B4BFAB70011934F /* Products */;
			projectDirPath = "";
			projectRoot = "";
			targets = (
				7EC4307F2B4BFAB70011934F /* NetflixCloneCoding */,
				7EC430982B4BFAB80011934F /* NetflixCloneCodingTests */,
				7EC430A22B4BFAB90011934F /* NetflixCloneCodingUITests */,
			);
		};
/* End PBXProject section */

/* Begin PBXResourcesBuildPhase section */
		7EC4307E2B4BFAB70011934F /* Resources */ = {
			isa = PBXResourcesBuildPhase;
			buildActionMask = 2147483647;
			files = (
				7EC430C02B4EAB270011934F /* NewHot.storyboard in Resources */,
				7EC430932B4BFAB80011934F /* LaunchScreen.storyboard in Resources */,
				7EC430902B4BFAB80011934F /* Assets.xcassets in Resources */,
				7EC4308B2B4BFAB70011934F /* Home.storyboard in Resources */,
				7EC430B92B4C1B6F0011934F /* BaseTabBar.storyboard in Resources */,
			);
			runOnlyForDeploymentPostprocessing = 0;
		};
		7EC430972B4BFAB80011934F /* Resources */ = {
			isa = PBXResourcesBuildPhase;
			buildActionMask = 2147483647;
			files = (
			);
			runOnlyForDeploymentPostprocessing = 0;
		};
		7EC430A12B4BFAB90011934F /* Resources */ = {
			isa = PBXResourcesBuildPhase;
			buildActionMask = 2147483647;
			files = (
			);
			runOnlyForDeploymentPostprocessing = 0;
		};
/* End PBXResourcesBuildPhase section */

/* Begin PBXSourcesBuildPhase section */
		7EC4307C2B4BFAB70011934F /* Sources */ = {
			isa = PBXSourcesBuildPhase;
			buildActionMask = 2147483647;
			files = (
				7EC430B72B4C1B4B0011934F /* MainTabBarViewController.swift in Sources */,
				7EC430BE2B4EAB120011934F /* NewHotViewController.swift in Sources */,
				7EC430882B4BFAB70011934F /* HomeViewController.swift in Sources */,
				7EC430842B4BFAB70011934F /* AppDelegate.swift in Sources */,
				7EC4308E2B4BFAB70011934F /* NetflixCloneCoding.xcdatamodeld in Sources */,
				7EC430862B4BFAB70011934F /* SceneDelegate.swift in Sources */,
			);
			runOnlyForDeploymentPostprocessing = 0;
		};
		7EC430952B4BFAB80011934F /* Sources */ = {
			isa = PBXSourcesBuildPhase;
			buildActionMask = 2147483647;
			files = (
				7EC4309E2B4BFAB90011934F /* NetflixCloneCodingTests.swift in Sources */,
			);
			runOnlyForDeploymentPostprocessing = 0;
		};
		7EC4309F2B4BFAB90011934F /* Sources */ = {
			isa = PBXSourcesBuildPhase;
			buildActionMask = 2147483647;
			files = (
				7EC430A82B4BFAB90011934F /* NetflixCloneCodingUITests.swift in Sources */,
				7EC430AA2B4BFAB90011934F /* NetflixCloneCodingUITestsLaunchTests.swift in Sources */,
			);
			runOnlyForDeploymentPostprocessing = 0;
		};
/* End PBXSourcesBuildPhase section */

/* Begin PBXTargetDependency section */
		7EC4309B2B4BFAB80011934F /* PBXTargetDependency */ = {
			isa = PBXTargetDependency;
			target = 7EC4307F2B4BFAB70011934F /* NetflixCloneCoding */;
			targetProxy = 7EC4309A2B4BFAB80011934F /* PBXContainerItemProxy */;
		};
		7EC430A52B4BFAB90011934F /* PBXTargetDependency */ = {
			isa = PBXTargetDependency;
			target = 7EC4307F2B4BFAB70011934F /* NetflixCloneCoding */;
			targetProxy = 7EC430A42B4BFAB90011934F /* PBXContainerItemProxy */;
		};
/* End PBXTargetDependency section */

/* Begin PBXVariantGroup section */
		7EC430892B4BFAB70011934F /* Home.storyboard */ = {
			isa = PBXVariantGroup;
			children = (
				7EC4308A2B4BFAB70011934F /* Base */,
			);
			name = Home.storyboard;
			sourceTree = "<group>";
		};
		7EC430912B4BFAB80011934F /* LaunchScreen.storyboard */ = {
			isa = PBXVariantGroup;
			children = (
				7EC430922B4BFAB80011934F /* Base */,
			);
			name = LaunchScreen.storyboard;
			sourceTree = "<group>";
		};
/* End PBXVariantGroup section */

/* Begin XCBuildConfiguration section */
		7EC430AB2B4BFAB90011934F /* Debug */ = {
			isa = XCBuildConfiguration;
			buildSettings = {
				ALWAYS_SEARCH_USER_PATHS = NO;
				ASSETCATALOG_COMPILER_GENERATE_SWIFT_ASSET_SYMBOL_EXTENSIONS = YES;
				CLANG_ANALYZER_NONNULL = YES;
				CLANG_ANALYZER_NUMBER_OBJECT_CONVERSION = YES_AGGRESSIVE;
				CLANG_CXX_LANGUAGE_STANDARD = "gnu++20";
				CLANG_ENABLE_MODULES = YES;
				CLANG_ENABLE_OBJC_ARC = YES;
				CLANG_ENABLE_OBJC_WEAK = YES;
				CLANG_WARN_BLOCK_CAPTURE_AUTORELEASING = YES;
				CLANG_WARN_BOOL_CONVERSION = YES;
				CLANG_WARN_COMMA = YES;
				CLANG_WARN_CONSTANT_CONVERSION = YES;
				CLANG_WARN_DEPRECATED_OBJC_IMPLEMENTATIONS = YES;
				CLANG_WARN_DIRECT_OBJC_ISA_USAGE = YES_ERROR;
				CLANG_WARN_DOCUMENTATION_COMMENTS = YES;
				CLANG_WARN_EMPTY_BODY = YES;
				CLANG_WARN_ENUM_CONVERSION = YES;
				CLANG_WARN_INFINITE_RECURSION = YES;
				CLANG_WARN_INT_CONVERSION = YES;
				CLANG_WARN_NON_LITERAL_NULL_CONVERSION = YES;
				CLANG_WARN_OBJC_IMPLICIT_RETAIN_SELF = YES;
				CLANG_WARN_OBJC_LITERAL_CONVERSION = YES;
				CLANG_WARN_OBJC_ROOT_CLASS = YES_ERROR;
				CLANG_WARN_QUOTED_INCLUDE_IN_FRAMEWORK_HEADER = YES;
				CLANG_WARN_RANGE_LOOP_ANALYSIS = YES;
				CLANG_WARN_STRICT_PROTOTYPES = YES;
				CLANG_WARN_SUSPICIOUS_MOVE = YES;
				CLANG_WARN_UNGUARDED_AVAILABILITY = YES_AGGRESSIVE;
				CLANG_WARN_UNREACHABLE_CODE = YES;
				CLANG_WARN__DUPLICATE_METHOD_MATCH = YES;
				COPY_PHASE_STRIP = NO;
				DEBUG_INFORMATION_FORMAT = dwarf;
				ENABLE_STRICT_OBJC_MSGSEND = YES;
				ENABLE_TESTABILITY = YES;
				ENABLE_USER_SCRIPT_SANDBOXING = YES;
				GCC_C_LANGUAGE_STANDARD = gnu17;
				GCC_DYNAMIC_NO_PIC = NO;
				GCC_NO_COMMON_BLOCKS = YES;
				GCC_OPTIMIZATION_LEVEL = 0;
				GCC_PREPROCESSOR_DEFINITIONS = (
					"DEBUG=1",
					"$(inherited)",
				);
				GCC_WARN_64_TO_32_BIT_CONVERSION = YES;
				GCC_WARN_ABOUT_RETURN_TYPE = YES_ERROR;
				GCC_WARN_UNDECLARED_SELECTOR = YES;
				GCC_WARN_UNINITIALIZED_AUTOS = YES_AGGRESSIVE;
				GCC_WARN_UNUSED_FUNCTION = YES;
				GCC_WARN_UNUSED_VARIABLE = YES;
				IPHONEOS_DEPLOYMENT_TARGET = 17.0;
				LOCALIZATION_PREFERS_STRING_CATALOGS = YES;
				MTL_ENABLE_DEBUG_INFO = INCLUDE_SOURCE;
				MTL_FAST_MATH = YES;
				ONLY_ACTIVE_ARCH = YES;
				SDKROOT = iphoneos;
				SWIFT_ACTIVE_COMPILATION_CONDITIONS = "DEBUG $(inherited)";
				SWIFT_OPTIMIZATION_LEVEL = "-Onone";
			};
			name = Debug;
		};
		7EC430AC2B4BFAB90011934F /* Release */ = {
			isa = XCBuildConfiguration;
			buildSettings = {
				ALWAYS_SEARCH_USER_PATHS = NO;
				ASSETCATALOG_COMPILER_GENERATE_SWIFT_ASSET_SYMBOL_EXTENSIONS = YES;
				CLANG_ANALYZER_NONNULL = YES;
				CLANG_ANALYZER_NUMBER_OBJECT_CONVERSION = YES_AGGRESSIVE;
				CLANG_CXX_LANGUAGE_STANDARD = "gnu++20";
				CLANG_ENABLE_MODULES = YES;
				CLANG_ENABLE_OBJC_ARC = YES;
				CLANG_ENABLE_OBJC_WEAK = YES;
				CLANG_WARN_BLOCK_CAPTURE_AUTORELEASING = YES;
				CLANG_WARN_BOOL_CONVERSION = YES;
				CLANG_WARN_COMMA = YES;
				CLANG_WARN_CONSTANT_CONVERSION = YES;
				CLANG_WARN_DEPRECATED_OBJC_IMPLEMENTATIONS = YES;
				CLANG_WARN_DIRECT_OBJC_ISA_USAGE = YES_ERROR;
				CLANG_WARN_DOCUMENTATION_COMMENTS = YES;
				CLANG_WARN_EMPTY_BODY = YES;
				CLANG_WARN_ENUM_CONVERSION = YES;
				CLANG_WARN_INFINITE_RECURSION = YES;
				CLANG_WARN_INT_CONVERSION = YES;
				CLANG_WARN_NON_LITERAL_NULL_CONVERSION = YES;
				CLANG_WARN_OBJC_IMPLICIT_RETAIN_SELF = YES;
				CLANG_WARN_OBJC_LITERAL_CONVERSION = YES;
				CLANG_WARN_OBJC_ROOT_CLASS = YES_ERROR;
				CLANG_WARN_QUOTED_INCLUDE_IN_FRAMEWORK_HEADER = YES;
				CLANG_WARN_RANGE_LOOP_ANALYSIS = YES;
				CLANG_WARN_STRICT_PROTOTYPES = YES;
				CLANG_WARN_SUSPICIOUS_MOVE = YES;
				CLANG_WARN_UNGUARDED_AVAILABILITY = YES_AGGRESSIVE;
				CLANG_WARN_UNREACHABLE_CODE = YES;
				CLANG_WARN__DUPLICATE_METHOD_MATCH = YES;
				COPY_PHASE_STRIP = NO;
				DEBUG_INFORMATION_FORMAT = "dwarf-with-dsym";
				ENABLE_NS_ASSERTIONS = NO;
				ENABLE_STRICT_OBJC_MSGSEND = YES;
				ENABLE_USER_SCRIPT_SANDBOXING = YES;
				GCC_C_LANGUAGE_STANDARD = gnu17;
				GCC_NO_COMMON_BLOCKS = YES;
				GCC_WARN_64_TO_32_BIT_CONVERSION = YES;
				GCC_WARN_ABOUT_RETURN_TYPE = YES_ERROR;
				GCC_WARN_UNDECLARED_SELECTOR = YES;
				GCC_WARN_UNINITIALIZED_AUTOS = YES_AGGRESSIVE;
				GCC_WARN_UNUSED_FUNCTION = YES;
				GCC_WARN_UNUSED_VARIABLE = YES;
				IPHONEOS_DEPLOYMENT_TARGET = 17.0;
				LOCALIZATION_PREFERS_STRING_CATALOGS = YES;
				MTL_ENABLE_DEBUG_INFO = NO;
				MTL_FAST_MATH = YES;
				SDKROOT = iphoneos;
				SWIFT_COMPILATION_MODE = wholemodule;
				VALIDATE_PRODUCT = YES;
			};
			name = Release;
		};
		7EC430AE2B4BFAB90011934F /* Debug */ = {
			isa = XCBuildConfiguration;
			buildSettings = {
				ASSETCATALOG_COMPILER_APPICON_NAME = AppIcon;
				ASSETCATALOG_COMPILER_GLOBAL_ACCENT_COLOR_NAME = AccentColor;
				CODE_SIGN_STYLE = Automatic;
				CURRENT_PROJECT_VERSION = 1;
				DEVELOPMENT_TEAM = FLG797DV64;
				GENERATE_INFOPLIST_FILE = YES;
				INFOPLIST_FILE = NetflixCloneCoding/Info.plist;
				INFOPLIST_KEY_UIApplicationSupportsIndirectInputEvents = YES;
				INFOPLIST_KEY_UILaunchStoryboardName = LaunchScreen;
				INFOPLIST_KEY_UIMainStoryboardFile = BaseTabBar;
				INFOPLIST_KEY_UISupportedInterfaceOrientations_iPad = "UIInterfaceOrientationPortrait UIInterfaceOrientationPortraitUpsideDown UIInterfaceOrientationLandscapeLeft UIInterfaceOrientationLandscapeRight";
				INFOPLIST_KEY_UISupportedInterfaceOrientations_iPhone = "UIInterfaceOrientationPortrait UIInterfaceOrientationLandscapeLeft UIInterfaceOrientationLandscapeRight";
				LD_RUNPATH_SEARCH_PATHS = (
					"$(inherited)",
					"@executable_path/Frameworks",
				);
				MARKETING_VERSION = 1.0;
				PRODUCT_BUNDLE_IDENTIFIER = whaeun.practice.NetflixCloneCoding;
				PRODUCT_NAME = "$(TARGET_NAME)";
				SUPPORTED_PLATFORMS = "iphoneos iphonesimulator";
				SUPPORTS_MACCATALYST = NO;
				SUPPORTS_MAC_DESIGNED_FOR_IPHONE_IPAD = NO;
				SWIFT_EMIT_LOC_STRINGS = YES;
				SWIFT_VERSION = 5.0;
				TARGETED_DEVICE_FAMILY = 1;
			};
			name = Debug;
		};
		7EC430AF2B4BFAB90011934F /* Release */ = {
			isa = XCBuildConfiguration;
			buildSettings = {
				ASSETCATALOG_COMPILER_APPICON_NAME = AppIcon;
				ASSETCATALOG_COMPILER_GLOBAL_ACCENT_COLOR_NAME = AccentColor;
				CODE_SIGN_STYLE = Automatic;
				CURRENT_PROJECT_VERSION = 1;
				DEVELOPMENT_TEAM = FLG797DV64;
				GENERATE_INFOPLIST_FILE = YES;
				INFOPLIST_FILE = NetflixCloneCoding/Info.plist;
				INFOPLIST_KEY_UIApplicationSupportsIndirectInputEvents = YES;
				INFOPLIST_KEY_UILaunchStoryboardName = LaunchScreen;
				INFOPLIST_KEY_UIMainStoryboardFile = BaseTabBar;
				INFOPLIST_KEY_UISupportedInterfaceOrientations_iPad = "UIInterfaceOrientationPortrait UIInterfaceOrientationPortraitUpsideDown UIInterfaceOrientationLandscapeLeft UIInterfaceOrientationLandscapeRight";
				INFOPLIST_KEY_UISupportedInterfaceOrientations_iPhone = "UIInterfaceOrientationPortrait UIInterfaceOrientationLandscapeLeft UIInterfaceOrientationLandscapeRight";
				LD_RUNPATH_SEARCH_PATHS = (
					"$(inherited)",
					"@executable_path/Frameworks",
				);
				MARKETING_VERSION = 1.0;
				PRODUCT_BUNDLE_IDENTIFIER = whaeun.practice.NetflixCloneCoding;
				PRODUCT_NAME = "$(TARGET_NAME)";
				SUPPORTED_PLATFORMS = "iphoneos iphonesimulator";
				SUPPORTS_MACCATALYST = NO;
				SUPPORTS_MAC_DESIGNED_FOR_IPHONE_IPAD = NO;
				SWIFT_EMIT_LOC_STRINGS = YES;
				SWIFT_VERSION = 5.0;
				TARGETED_DEVICE_FAMILY = 1;
			};
			name = Release;
		};
		7EC430B12B4BFAB90011934F /* Debug */ = {
			isa = XCBuildConfiguration;
			buildSettings = {
				ALWAYS_EMBED_SWIFT_STANDARD_LIBRARIES = YES;
				BUNDLE_LOADER = "$(TEST_HOST)";
				CODE_SIGN_STYLE = Automatic;
				CURRENT_PROJECT_VERSION = 1;
				DEVELOPMENT_TEAM = FLG797DV64;
				GENERATE_INFOPLIST_FILE = YES;
				IPHONEOS_DEPLOYMENT_TARGET = 17.0;
				MARKETING_VERSION = 1.0;
				PRODUCT_BUNDLE_IDENTIFIER = whaeun.practice.NetflixCloneCodingTests;
				PRODUCT_NAME = "$(TARGET_NAME)";
				SWIFT_EMIT_LOC_STRINGS = NO;
				SWIFT_VERSION = 5.0;
				TARGETED_DEVICE_FAMILY = "1,2";
				TEST_HOST = "$(BUILT_PRODUCTS_DIR)/NetflixCloneCoding.app/$(BUNDLE_EXECUTABLE_FOLDER_PATH)/NetflixCloneCoding";
			};
			name = Debug;
		};
		7EC430B22B4BFAB90011934F /* Release */ = {
			isa = XCBuildConfiguration;
			buildSettings = {
				ALWAYS_EMBED_SWIFT_STANDARD_LIBRARIES = YES;
				BUNDLE_LOADER = "$(TEST_HOST)";
				CODE_SIGN_STYLE = Automatic;
				CURRENT_PROJECT_VERSION = 1;
				DEVELOPMENT_TEAM = FLG797DV64;
				GENERATE_INFOPLIST_FILE = YES;
				IPHONEOS_DEPLOYMENT_TARGET = 17.0;
				MARKETING_VERSION = 1.0;
				PRODUCT_BUNDLE_IDENTIFIER = whaeun.practice.NetflixCloneCodingTests;
				PRODUCT_NAME = "$(TARGET_NAME)";
				SWIFT_EMIT_LOC_STRINGS = NO;
				SWIFT_VERSION = 5.0;
				TARGETED_DEVICE_FAMILY = "1,2";
				TEST_HOST = "$(BUILT_PRODUCTS_DIR)/NetflixCloneCoding.app/$(BUNDLE_EXECUTABLE_FOLDER_PATH)/NetflixCloneCoding";
			};
			name = Release;
		};
		7EC430B42B4BFAB90011934F /* Debug */ = {
			isa = XCBuildConfiguration;
			buildSettings = {
				ALWAYS_EMBED_SWIFT_STANDARD_LIBRARIES = YES;
				CODE_SIGN_STYLE = Automatic;
				CURRENT_PROJECT_VERSION = 1;
				DEVELOPMENT_TEAM = FLG797DV64;
				GENERATE_INFOPLIST_FILE = YES;
				MARKETING_VERSION = 1.0;
				PRODUCT_BUNDLE_IDENTIFIER = whaeun.practice.NetflixCloneCodingUITests;
				PRODUCT_NAME = "$(TARGET_NAME)";
				SWIFT_EMIT_LOC_STRINGS = NO;
				SWIFT_VERSION = 5.0;
				TARGETED_DEVICE_FAMILY = "1,2";
				TEST_TARGET_NAME = NetflixCloneCoding;
			};
			name = Debug;
		};
		7EC430B52B4BFAB90011934F /* Release */ = {
			isa = XCBuildConfiguration;
			buildSettings = {
				ALWAYS_EMBED_SWIFT_STANDARD_LIBRARIES = YES;
				CODE_SIGN_STYLE = Automatic;
				CURRENT_PROJECT_VERSION = 1;
				DEVELOPMENT_TEAM = FLG797DV64;
				GENERATE_INFOPLIST_FILE = YES;
				MARKETING_VERSION = 1.0;
				PRODUCT_BUNDLE_IDENTIFIER = whaeun.practice.NetflixCloneCodingUITests;
				PRODUCT_NAME = "$(TARGET_NAME)";
				SWIFT_EMIT_LOC_STRINGS = NO;
				SWIFT_VERSION = 5.0;
				TARGETED_DEVICE_FAMILY = "1,2";
				TEST_TARGET_NAME = NetflixCloneCoding;
			};
			name = Release;
		};
/* End XCBuildConfiguration section */

/* Begin XCConfigurationList section */
		7EC4307B2B4BFAB70011934F /* Build configuration list for PBXProject "NetflixCloneCoding" */ = {
			isa = XCConfigurationList;
			buildConfigurations = (
				7EC430AB2B4BFAB90011934F /* Debug */,
				7EC430AC2B4BFAB90011934F /* Release */,
			);
			defaultConfigurationIsVisible = 0;
			defaultConfigurationName = Release;
		};
		7EC430AD2B4BFAB90011934F /* Build configuration list for PBXNativeTarget "NetflixCloneCoding" */ = {
			isa = XCConfigurationList;
			buildConfigurations = (
				7EC430AE2B4BFAB90011934F /* Debug */,
				7EC430AF2B4BFAB90011934F /* Release */,
			);
			defaultConfigurationIsVisible = 0;
			defaultConfigurationName = Release;
		};
		7EC430B02B4BFAB90011934F /* Build configuration list for PBXNativeTarget "NetflixCloneCodingTests" */ = {
			isa = XCConfigurationList;
			buildConfigurations = (
				7EC430B12B4BFAB90011934F /* Debug */,
				7EC430B22B4BFAB90011934F /* Release */,
			);
			defaultConfigurationIsVisible = 0;
			defaultConfigurationName = Release;
		};
		7EC430B32B4BFAB90011934F /* Build configuration list for PBXNativeTarget "NetflixCloneCodingUITests" */ = {
			isa = XCConfigurationList;
			buildConfigurations = (
				7EC430B42B4BFAB90011934F /* Debug */,
				7EC430B52B4BFAB90011934F /* Release */,
			);
			defaultConfigurationIsVisible = 0;
			defaultConfigurationName = Release;
		};
/* End XCConfigurationList section */

/* Begin XCVersionGroup section */
		7EC4308C2B4BFAB70011934F /* NetflixCloneCoding.xcdatamodeld */ = {
			isa = XCVersionGroup;
			children = (
				7EC4308D2B4BFAB70011934F /* NetflixCloneCoding.xcdatamodel */,
			);
			currentVersion = 7EC4308D2B4BFAB70011934F /* NetflixCloneCoding.xcdatamodel */;
			path = NetflixCloneCoding.xcdatamodeld;
			sourceTree = "<group>";
			versionGroupType = wrapper.xcdatamodel;
		};
/* End XCVersionGroup section */
	};
	rootObject = 7EC430782B4BFAB70011934F /* Project object */;
}
